
Microsoft Visual Studio Solution File, Format Version 12.00
# Visual Studio Version 17
VisualStudioVersion = 17.2.32602.215
MinimumVisualStudioVersion = 10.0.40219.1
Project("{FAE04EC0-301F-11D3-BF4B-00C04F79EFBC}") = "Aula13", "Aula13\Aula13.csproj", "{1964EF8C-04AB-48E7-A50F-27E6E494201D}"
EndProject
Global
	GlobalSection(SolutionConfigurationPlatforms) = preSolution
		Debug|Any CPU = Debug|Any CPU
		Release|Any CPU = Release|Any CPU
	EndGlobalSection
	GlobalSection(ProjectConfigurationPlatforms) = postSolution
		{1964EF8C-04AB-48E7-A50F-27E6E494201D}.Debug|Any CPU.ActiveCfg = Debug|Any CPU
		{1964EF8C-04AB-48E7-A50F-27E6E494201D}.Debug|Any CPU.Build.0 = Debug|Any CPU
		{1964EF8C-04AB-48E7-A50F-27E6E494201D}.Release|Any CPU.ActiveCfg = Release|Any CPU
		{1964EF8C-04AB-48E7-A50F-27E6E494201D}.Release|Any CPU.Build.0 = Release|Any CPU
	EndGlobalSection
	GlobalSection(SolutionProperties) = preSolution
		HideSolutionNode = FALSE
	EndGlobalSection
	GlobalSection(ExtensibilityGlobals) = postSolution
		SolutionGuid = {A9CEF2A9-F56B-45A9-BF62-4C0A21181368}
	EndGlobalSection
EndGlobal
